
Microsoft Visual Studio Solution File, Format Version 12.00
# Visual Studio Version 16
VisualStudioVersion = 16.0.30309.148
MinimumVisualStudioVersion = 10.0.40219.1
Project("{FAE04EC0-301F-11D3-BF4B-00C04F79EFBC}") = "MarsRoverDll", "MarsRoverDll\MarsRoverDll.csproj", "{276C2A23-F03C-4DB5-8B81-12E64B8B26E1}"
EndProject
Project("{FAE04EC0-301F-11D3-BF4B-00C04F79EFBC}") = "MarsRoverDll.Tests", "MarsRoverDll.Tests\MarsRoverDll.Tests.csproj", "{5225920E-B99D-455F-A173-05B705BE9601}"
EndProject
Global
	GlobalSection(SolutionConfigurationPlatforms) = preSolution
		Debug|Any CPU = Debug|Any CPU
		Release|Any CPU = Release|Any CPU
	EndGlobalSection
	GlobalSection(ProjectConfigurationPlatforms) = postSolution
		{276C2A23-F03C-4DB5-8B81-12E64B8B26E1}.Debug|Any CPU.ActiveCfg = Debug|Any CPU
		{276C2A23-F03C-4DB5-8B81-12E64B8B26E1}.Debug|Any CPU.Build.0 = Debug|Any CPU
		{276C2A23-F03C-4DB5-8B81-12E64B8B26E1}.Release|Any CPU.ActiveCfg = Release|Any CPU
		{276C2A23-F03C-4DB5-8B81-12E64B8B26E1}.Release|Any CPU.Build.0 = Release|Any CPU
		{5225920E-B99D-455F-A173-05B705BE9601}.Debug|Any CPU.ActiveCfg = Debug|Any CPU
		{5225920E-B99D-455F-A173-05B705BE9601}.Debug|Any CPU.Build.0 = Debug|Any CPU
		{5225920E-B99D-455F-A173-05B705BE9601}.Release|Any CPU.ActiveCfg = Release|Any CPU
		{5225920E-B99D-455F-A173-05B705BE9601}.Release|Any CPU.Build.0 = Release|Any CPU
	EndGlobalSection
	GlobalSection(SolutionProperties) = preSolution
		HideSolutionNode = FALSE
	EndGlobalSection
	GlobalSection(ExtensibilityGlobals) = postSolution
		SolutionGuid = {6C225CEA-13CC-4D97-827F-F3B1EF14BA49}
	EndGlobalSection
EndGlobal
